
Microsoft Visual Studio Solution File, Format Version 12.00

Project("{2150E333-8FDC-42A3-9474-1A3956D46DE8}") = "src", "src", "{E5406814-5303-4EE9-9BCC-81DD45CB46AE}"
	ProjectSection(SolutionItems) = preProject
		src\.editorconfig = src\.editorconfig
		src\package-icon.png = src\package-icon.png
	EndProjectSection
EndProject
Project("{2150E333-8FDC-42A3-9474-1A3956D46DE8}") = "build", "build", "{A3594333-8008-4174-A9D6-84173D969021}"
ProjectSection(SolutionItems) = preProject
	build\pipeline.yaml = build\pipeline.yaml
EndProjectSection
EndProject
Project("{2150E333-8FDC-42A3-9474-1A3956D46DE8}") = "tests", "tests", "{57A6AAB6-2288-4009-BF86-A5E3B6A65687}"
EndProject
Project("{FAE04EC0-301F-11D3-BF4B-00C04F79EFBC}") = "Audacia.Azure.BlobStorage", "src\Audacia.Azure.BlobStorage\Audacia.Azure.BlobStorage.csproj", "{BB634AD6-4EEC-4BBE-8625-B08B080DAB86}"
EndProject
Project("{FAE04EC0-301F-11D3-BF4B-00C04F79EFBC}") = "Audacia.Azure.StorageQueue", "src\Audacia.Azure.StorageQueue\Audacia.Azure.StorageQueue.csproj", "{2B485DCF-F246-4858-8794-7AFAA27F148F}"
EndProject
Project("{FAE04EC0-301F-11D3-BF4B-00C04F79EFBC}") = "Audacia.Azure.Common", "src\Audacia.Azure.Common\Audacia.Azure.Common.csproj", "{01E8623D-FE07-412E-9160-FCDDEDC8FEA3}"
EndProject
Project("{2150E333-8FDC-42A3-9474-1A3956D46DE8}") = "tools", "tools", "{21BEADF6-28F6-44E1-9F72-56AB36581325}"
EndProject
Project("{FAE04EC0-301F-11D3-BF4B-00C04F79EFBC}") = "Audacia.Azure.Demo", "tools\Audacia.Azure.Demo\Audacia.Azure.Demo.csproj", "{A49DDA7B-E131-4FF1-87C8-56EE5A306315}"
EndProject
Project("{FAE04EC0-301F-11D3-BF4B-00C04F79EFBC}") = "Audacia.Azure.QueueStorage.Tests", "tests\Audacia.Azure.QueueStorage.Tests\Audacia.Azure.QueueStorage.Tests.csproj", "{E7444CDB-CA31-4827-8938-CAC6F684A3C0}"
EndProject
Project("{FAE04EC0-301F-11D3-BF4B-00C04F79EFBC}") = "Audacia.Azure.BlobStorage.Tests", "tests\Audacia.Azure.BlobStorage.Tests\Audacia.Azure.BlobStorage.Tests.csproj", "{EA3DC0BB-304F-410E-A9C9-274D00441F19}"
EndProject
Global
	GlobalSection(SolutionConfigurationPlatforms) = preSolution
		Debug|Any CPU = Debug|Any CPU
		Release|Any CPU = Release|Any CPU
	EndGlobalSection
	GlobalSection(ProjectConfigurationPlatforms) = postSolution
		{07BE179E-1399-483A-97BB-DCA8618BCA7B}.Debug|Any CPU.ActiveCfg = Debug|Any CPU
		{07BE179E-1399-483A-97BB-DCA8618BCA7B}.Debug|Any CPU.Build.0 = Debug|Any CPU
		{07BE179E-1399-483A-97BB-DCA8618BCA7B}.Release|Any CPU.ActiveCfg = Release|Any CPU
		{07BE179E-1399-483A-97BB-DCA8618BCA7B}.Release|Any CPU.Build.0 = Release|Any CPU
		{4C7B226C-824F-485E-98B2-A36D8B51FD89}.Debug|Any CPU.ActiveCfg = Debug|Any CPU
		{4C7B226C-824F-485E-98B2-A36D8B51FD89}.Debug|Any CPU.Build.0 = Debug|Any CPU
		{4C7B226C-824F-485E-98B2-A36D8B51FD89}.Release|Any CPU.ActiveCfg = Release|Any CPU
		{4C7B226C-824F-485E-98B2-A36D8B51FD89}.Release|Any CPU.Build.0 = Release|Any CPU
		{42670E37-61D9-4E1D-9441-FDE7854BF4C8}.Debug|Any CPU.ActiveCfg = Debug|Any CPU
		{42670E37-61D9-4E1D-9441-FDE7854BF4C8}.Debug|Any CPU.Build.0 = Debug|Any CPU
		{42670E37-61D9-4E1D-9441-FDE7854BF4C8}.Release|Any CPU.ActiveCfg = Release|Any CPU
		{42670E37-61D9-4E1D-9441-FDE7854BF4C8}.Release|Any CPU.Build.0 = Release|Any CPU
		{BB634AD6-4EEC-4BBE-8625-B08B080DAB86}.Debug|Any CPU.ActiveCfg = Debug|Any CPU
		{BB634AD6-4EEC-4BBE-8625-B08B080DAB86}.Debug|Any CPU.Build.0 = Debug|Any CPU
		{BB634AD6-4EEC-4BBE-8625-B08B080DAB86}.Release|Any CPU.ActiveCfg = Release|Any CPU
		{BB634AD6-4EEC-4BBE-8625-B08B080DAB86}.Release|Any CPU.Build.0 = Release|Any CPU
		{2B485DCF-F246-4858-8794-7AFAA27F148F}.Debug|Any CPU.ActiveCfg = Debug|Any CPU
		{2B485DCF-F246-4858-8794-7AFAA27F148F}.Debug|Any CPU.Build.0 = Debug|Any CPU
		{2B485DCF-F246-4858-8794-7AFAA27F148F}.Release|Any CPU.ActiveCfg = Release|Any CPU
		{2B485DCF-F246-4858-8794-7AFAA27F148F}.Release|Any CPU.Build.0 = Release|Any CPU
		{01E8623D-FE07-412E-9160-FCDDEDC8FEA3}.Debug|Any CPU.ActiveCfg = Debug|Any CPU
		{01E8623D-FE07-412E-9160-FCDDEDC8FEA3}.Debug|Any CPU.Build.0 = Debug|Any CPU
		{01E8623D-FE07-412E-9160-FCDDEDC8FEA3}.Release|Any CPU.ActiveCfg = Release|Any CPU
		{01E8623D-FE07-412E-9160-FCDDEDC8FEA3}.Release|Any CPU.Build.0 = Release|Any CPU
		{A49DDA7B-E131-4FF1-87C8-56EE5A306315}.Debug|Any CPU.ActiveCfg = Debug|Any CPU
		{A49DDA7B-E131-4FF1-87C8-56EE5A306315}.Debug|Any CPU.Build.0 = Debug|Any CPU
		{A49DDA7B-E131-4FF1-87C8-56EE5A306315}.Release|Any CPU.ActiveCfg = Release|Any CPU
		{A49DDA7B-E131-4FF1-87C8-56EE5A306315}.Release|Any CPU.Build.0 = Release|Any CPU
		{E7444CDB-CA31-4827-8938-CAC6F684A3C0}.Debug|Any CPU.ActiveCfg = Debug|Any CPU
		{E7444CDB-CA31-4827-8938-CAC6F684A3C0}.Debug|Any CPU.Build.0 = Debug|Any CPU
		{E7444CDB-CA31-4827-8938-CAC6F684A3C0}.Release|Any CPU.ActiveCfg = Release|Any CPU
		{E7444CDB-CA31-4827-8938-CAC6F684A3C0}.Release|Any CPU.Build.0 = Release|Any CPU
		{EA3DC0BB-304F-410E-A9C9-274D00441F19}.Debug|Any CPU.ActiveCfg = Debug|Any CPU
		{EA3DC0BB-304F-410E-A9C9-274D00441F19}.Debug|Any CPU.Build.0 = Debug|Any CPU
		{EA3DC0BB-304F-410E-A9C9-274D00441F19}.Release|Any CPU.ActiveCfg = Release|Any CPU
		{EA3DC0BB-304F-410E-A9C9-274D00441F19}.Release|Any CPU.Build.0 = Release|Any CPU
	EndGlobalSection
	GlobalSection(NestedProjects) = preSolution
		{BB634AD6-4EEC-4BBE-8625-B08B080DAB86} = {E5406814-5303-4EE9-9BCC-81DD45CB46AE}
		{2B485DCF-F246-4858-8794-7AFAA27F148F} = {E5406814-5303-4EE9-9BCC-81DD45CB46AE}
		{01E8623D-FE07-412E-9160-FCDDEDC8FEA3} = {E5406814-5303-4EE9-9BCC-81DD45CB46AE}
		{A49DDA7B-E131-4FF1-87C8-56EE5A306315} = {21BEADF6-28F6-44E1-9F72-56AB36581325}
		{E7444CDB-CA31-4827-8938-CAC6F684A3C0} = {57A6AAB6-2288-4009-BF86-A5E3B6A65687}
		{EA3DC0BB-304F-410E-A9C9-274D00441F19} = {57A6AAB6-2288-4009-BF86-A5E3B6A65687}
	EndGlobalSection
EndGlobal
