
Microsoft Visual Studio Solution File, Format Version 12.00

Project("{FAE04EC0-301F-11D3-BF4B-00C04F79EFBC}") = "Audacia.Azure", "Audacia.Azure\Audacia.Azure.csproj", "{5D6190FE-D088-4B66-96B4-C2DD65BD5B65}"
EndProject
Project("{FAE04EC0-301F-11D3-BF4B-00C04F79EFBC}") = "Audacia.Azure.Demo", "Audacia.Azure.Demo\Audacia.Azure.Demo.csproj", "{465721A6-294B-4E27-AC56-4BF9E19C433C}"
EndProject
Project("{FAE04EC0-301F-11D3-BF4B-00C04F79EFBC}") = "Audacia.Azure.Tests", "Audacia.Azure.Tests\Audacia.Azure.Tests.csproj", "{576EEC81-3DD0-412A-A98D-B1D92BA96501}"
EndProject
Global
	GlobalSection(SolutionConfigurationPlatforms) = preSolution
		Debug|Any CPU = Debug|Any CPU
		Release|Any CPU = Release|Any CPU
	EndGlobalSection
	GlobalSection(ProjectConfigurationPlatforms) = postSolution
		{07BE179E-1399-483A-97BB-DCA8618BCA7B}.Debug|Any CPU.ActiveCfg = Debug|Any CPU
		{07BE179E-1399-483A-97BB-DCA8618BCA7B}.Debug|Any CPU.Build.0 = Debug|Any CPU
		{07BE179E-1399-483A-97BB-DCA8618BCA7B}.Release|Any CPU.ActiveCfg = Release|Any CPU
		{07BE179E-1399-483A-97BB-DCA8618BCA7B}.Release|Any CPU.Build.0 = Release|Any CPU
		{4C7B226C-824F-485E-98B2-A36D8B51FD89}.Debug|Any CPU.ActiveCfg = Debug|Any CPU
		{4C7B226C-824F-485E-98B2-A36D8B51FD89}.Debug|Any CPU.Build.0 = Debug|Any CPU
		{4C7B226C-824F-485E-98B2-A36D8B51FD89}.Release|Any CPU.ActiveCfg = Release|Any CPU
		{4C7B226C-824F-485E-98B2-A36D8B51FD89}.Release|Any CPU.Build.0 = Release|Any CPU
		{42670E37-61D9-4E1D-9441-FDE7854BF4C8}.Debug|Any CPU.ActiveCfg = Debug|Any CPU
		{42670E37-61D9-4E1D-9441-FDE7854BF4C8}.Debug|Any CPU.Build.0 = Debug|Any CPU
		{42670E37-61D9-4E1D-9441-FDE7854BF4C8}.Release|Any CPU.ActiveCfg = Release|Any CPU
		{42670E37-61D9-4E1D-9441-FDE7854BF4C8}.Release|Any CPU.Build.0 = Release|Any CPU
		{5D6190FE-D088-4B66-96B4-C2DD65BD5B65}.Debug|Any CPU.ActiveCfg = Debug|Any CPU
		{5D6190FE-D088-4B66-96B4-C2DD65BD5B65}.Debug|Any CPU.Build.0 = Debug|Any CPU
		{5D6190FE-D088-4B66-96B4-C2DD65BD5B65}.Release|Any CPU.ActiveCfg = Release|Any CPU
		{5D6190FE-D088-4B66-96B4-C2DD65BD5B65}.Release|Any CPU.Build.0 = Release|Any CPU
		{465721A6-294B-4E27-AC56-4BF9E19C433C}.Debug|Any CPU.ActiveCfg = Debug|Any CPU
		{465721A6-294B-4E27-AC56-4BF9E19C433C}.Debug|Any CPU.Build.0 = Debug|Any CPU
		{465721A6-294B-4E27-AC56-4BF9E19C433C}.Release|Any CPU.ActiveCfg = Release|Any CPU
		{465721A6-294B-4E27-AC56-4BF9E19C433C}.Release|Any CPU.Build.0 = Release|Any CPU
		{576EEC81-3DD0-412A-A98D-B1D92BA96501}.Debug|Any CPU.ActiveCfg = Debug|Any CPU
		{576EEC81-3DD0-412A-A98D-B1D92BA96501}.Debug|Any CPU.Build.0 = Debug|Any CPU
		{576EEC81-3DD0-412A-A98D-B1D92BA96501}.Release|Any CPU.ActiveCfg = Release|Any CPU
		{576EEC81-3DD0-412A-A98D-B1D92BA96501}.Release|Any CPU.Build.0 = Release|Any CPU
	EndGlobalSection
EndGlobal
